
Microsoft Visual Studio Solution File, Format Version 12.00
# Visual Studio Version 17
VisualStudioVersion = 17.4.33213.308
MinimumVisualStudioVersion = 10.0.40219.1
Project("{9A19103F-16F7-4668-BE54-9A1E7A4F7556}") = "Создание библиотек", "Создание библиотек\Создание библиотек.csproj", "{A93CB804-C3BF-43E0-81B8-E01AF8E3F36B}"
EndProject
Project("{FAE04EC0-301F-11D3-BF4B-00C04F79EFBC}") = "Tema", "..\Tema\Tema.csproj", "{AAAC8DB9-CDCD-446B-A73A-11450883A133}"
EndProject
Project("{FAE04EC0-301F-11D3-BF4B-00C04F79EFBC}") = "JSON", "..\JSON\JSON.csproj", "{685C2F69-F09C-443F-A999-7AF1B33720D9}"
EndProject
Global
	GlobalSection(SolutionConfigurationPlatforms) = preSolution
		Debug|Any CPU = Debug|Any CPU
		Release|Any CPU = Release|Any CPU
	EndGlobalSection
	GlobalSection(ProjectConfigurationPlatforms) = postSolution
		{A93CB804-C3BF-43E0-81B8-E01AF8E3F36B}.Debug|Any CPU.ActiveCfg = Debug|Any CPU
		{A93CB804-C3BF-43E0-81B8-E01AF8E3F36B}.Debug|Any CPU.Build.0 = Debug|Any CPU
		{A93CB804-C3BF-43E0-81B8-E01AF8E3F36B}.Release|Any CPU.ActiveCfg = Release|Any CPU
		{A93CB804-C3BF-43E0-81B8-E01AF8E3F36B}.Release|Any CPU.Build.0 = Release|Any CPU
		{AAAC8DB9-CDCD-446B-A73A-11450883A133}.Debug|Any CPU.ActiveCfg = Debug|Any CPU
		{AAAC8DB9-CDCD-446B-A73A-11450883A133}.Debug|Any CPU.Build.0 = Debug|Any CPU
		{AAAC8DB9-CDCD-446B-A73A-11450883A133}.Release|Any CPU.ActiveCfg = Release|Any CPU
		{AAAC8DB9-CDCD-446B-A73A-11450883A133}.Release|Any CPU.Build.0 = Release|Any CPU
		{685C2F69-F09C-443F-A999-7AF1B33720D9}.Debug|Any CPU.ActiveCfg = Debug|Any CPU
		{685C2F69-F09C-443F-A999-7AF1B33720D9}.Debug|Any CPU.Build.0 = Debug|Any CPU
		{685C2F69-F09C-443F-A999-7AF1B33720D9}.Release|Any CPU.ActiveCfg = Release|Any CPU
		{685C2F69-F09C-443F-A999-7AF1B33720D9}.Release|Any CPU.Build.0 = Release|Any CPU
	EndGlobalSection
	GlobalSection(SolutionProperties) = preSolution
		HideSolutionNode = FALSE
	EndGlobalSection
	GlobalSection(ExtensibilityGlobals) = postSolution
		SolutionGuid = {13975B76-0B83-4602-968F-12083A1E3F73}
	EndGlobalSection
EndGlobal
